
Microsoft Visual Studio Solution File, Format Version 12.00
# Visual Studio Version 16
VisualStudioVersion = 16.0.31313.79
MinimumVisualStudioVersion = 10.0.40219.1
Project("{FAE04EC0-301F-11D3-BF4B-00C04F79EFBC}") = "ArchiVision", "ArchiVision\ArchiVision.csproj", "{564892DC-B143-4712-9168-0E0ADF6358FD}"
EndProject
Global
	GlobalSection(SolutionConfigurationPlatforms) = preSolution
		Debug|Any CPU = Debug|Any CPU
		Release|Any CPU = Release|Any CPU
	EndGlobalSection
	GlobalSection(ProjectConfigurationPlatforms) = postSolution
		{564892DC-B143-4712-9168-0E0ADF6358FD}.Debug|Any CPU.ActiveCfg = Debug|Any CPU
		{564892DC-B143-4712-9168-0E0ADF6358FD}.Debug|Any CPU.Build.0 = Debug|Any CPU
		{564892DC-B143-4712-9168-0E0ADF6358FD}.Release|Any CPU.ActiveCfg = Release|Any CPU
		{564892DC-B143-4712-9168-0E0ADF6358FD}.Release|Any CPU.Build.0 = Release|Any CPU
	EndGlobalSection
	GlobalSection(SolutionProperties) = preSolution
		HideSolutionNode = FALSE
	EndGlobalSection
	GlobalSection(ExtensibilityGlobals) = postSolution
		SolutionGuid = {C0AD5EF5-3ED0-4869-B7D7-5FB0C8226F92}
	EndGlobalSection
EndGlobal
